{
  "lockfileVersion": 1,
  "workspaces": {
    "": {
      "name": "astal-shell",
      "dependencies": {
        "astal": "/nix/store/pvb3x021mr6xknm91gqq76gy32n96vj0-astal-gjs/share/astal/gjs",
      },
    },
  },
  "packages": {
    "astal": ["astal@file:../../../../nix/store/pvb3x021mr6xknm91gqq76gy32n96vj0-astal-gjs/share/astal/gjs", {}],
  }
}
